// !$*UTF8*$!
{
	archiveVersion = 1;
	classes = {
	};
	objectVersion = 52;
	objects = {

/* Begin PBXBuildFile section */
		7D3ED8A923CA58B200CF8EB6 /* AccountImages.swift in Sources */ = {isa = PBXBuildFile; fileRef = 7D3ED8A823CA58B200CF8EB6 /* AccountImages.swift */; };
		7D48913723D3A83B0037CDBA /* PostsViewController.swift in Sources */ = {isa = PBXBuildFile; fileRef = 7D48913623D3A83B0037CDBA /* PostsViewController.swift */; };
		7D48913923D3B64E0037CDBA /* Navigation+UserProfileViewController.swift in Sources */ = {isa = PBXBuildFile; fileRef = 7D48913823D3B64E0037CDBA /* Navigation+UserProfileViewController.swift */; };
		7D48913B23D3BEB50037CDBA /* PostsTableViewCell.swift in Sources */ = {isa = PBXBuildFile; fileRef = 7D48913A23D3BEB50037CDBA /* PostsTableViewCell.swift */; };
		7D4A470B23D6A9C8002C2050 /* TimeFrames.swift in Sources */ = {isa = PBXBuildFile; fileRef = 7D4A470A23D6A9C8002C2050 /* TimeFrames.swift */; };
		7D4A53F3239C66ED0079A96A /* AppDelegate.swift in Sources */ = {isa = PBXBuildFile; fileRef = 7D4A53F2239C66ED0079A96A /* AppDelegate.swift */; };
		7D4A53F5239C66ED0079A96A /* SceneDelegate.swift in Sources */ = {isa = PBXBuildFile; fileRef = 7D4A53F4239C66ED0079A96A /* SceneDelegate.swift */; };
		7D4A53FA239C66ED0079A96A /* Main.storyboard in Resources */ = {isa = PBXBuildFile; fileRef = 7D4A53F8239C66ED0079A96A /* Main.storyboard */; };
		7D4A53FD239C66ED0079A96A /* Petstagram.xcdatamodeld in Sources */ = {isa = PBXBuildFile; fileRef = 7D4A53FB239C66ED0079A96A /* Petstagram.xcdatamodeld */; };
		7D4A53FF239C66EE0079A96A /* Assets.xcassets in Resources */ = {isa = PBXBuildFile; fileRef = 7D4A53FE239C66EE0079A96A /* Assets.xcassets */; };
		7D4A5402239C66EE0079A96A /* LaunchScreen.storyboard in Resources */ = {isa = PBXBuildFile; fileRef = 7D4A5400239C66EE0079A96A /* LaunchScreen.storyboard */; };
		7D4A5418239C66EE0079A96A /* PetstagramUITests.swift in Sources */ = {isa = PBXBuildFile; fileRef = 7D4A5417239C66EE0079A96A /* PetstagramUITests.swift */; };
		7D4A5431239C67AF0079A96A /* ImageUploadStoryboard.storyboard in Resources */ = {isa = PBXBuildFile; fileRef = 7D4A542D239C67AF0079A96A /* ImageUploadStoryboard.storyboard */; };
		7D4A5432239C67AF0079A96A /* LikesStoryboard.storyboard in Resources */ = {isa = PBXBuildFile; fileRef = 7D4A542E239C67AF0079A96A /* LikesStoryboard.storyboard */; };
		7D4A5433239C67AF0079A96A /* SearchStoryboard.storyboard in Resources */ = {isa = PBXBuildFile; fileRef = 7D4A542F239C67AF0079A96A /* SearchStoryboard.storyboard */; };
		7D4A5434239C67AF0079A96A /* UserProfile.storyboard in Resources */ = {isa = PBXBuildFile; fileRef = 7D4A5430239C67AF0079A96A /* UserProfile.storyboard */; };
		7D4A543C239C69F00079A96A /* SearchControllerViewController.swift in Sources */ = {isa = PBXBuildFile; fileRef = 7D4A5436239C69EF0079A96A /* SearchControllerViewController.swift */; };
		7D4A543D239C69F00079A96A /* LikesViewController.swift in Sources */ = {isa = PBXBuildFile; fileRef = 7D4A5437239C69EF0079A96A /* LikesViewController.swift */; };
		7D4A543F239C69F00079A96A /* UserFeedViewController.swift in Sources */ = {isa = PBXBuildFile; fileRef = 7D4A5439239C69F00079A96A /* UserFeedViewController.swift */; };
		7D4A5440239C69F00079A96A /* UserProfileViewController.swift in Sources */ = {isa = PBXBuildFile; fileRef = 7D4A543A239C69F00079A96A /* UserProfileViewController.swift */; };
		7D4A5441239C69F00079A96A /* ImageUploadViewController.swift in Sources */ = {isa = PBXBuildFile; fileRef = 7D4A543B239C69F00079A96A /* ImageUploadViewController.swift */; };
		7D4A5444239C6A410079A96A /* Keys.swift in Sources */ = {isa = PBXBuildFile; fileRef = 7D4A5443239C6A410079A96A /* Keys.swift */; };
		7D4A5447239C6A800079A96A /* Billabong.ttf in Resources */ = {isa = PBXBuildFile; fileRef = 7D4A5446239C6A800079A96A /* Billabong.ttf */; };
		7D4A5449239C6AFA0079A96A /* AppLogin.swift in Sources */ = {isa = PBXBuildFile; fileRef = 7D4A5448239C6AFA0079A96A /* AppLogin.swift */; };
		7D4A544C239C91E90079A96A /* AccountCreation+AppLogin.swift in Sources */ = {isa = PBXBuildFile; fileRef = 7D4A544B239C91E90079A96A /* AccountCreation+AppLogin.swift */; };
		7D4A544F239CBBEC0079A96A /* IQKeyboardManagerSwift in Frameworks */ = {isa = PBXBuildFile; productRef = 7D4A544E239CBBEC0079A96A /* IQKeyboardManagerSwift */; };
		7D50726C23CAB3EE00FA54CA /* CollectionView+UserProfileViewController.swift in Sources */ = {isa = PBXBuildFile; fileRef = 7D50726B23CAB3EE00FA54CA /* CollectionView+UserProfileViewController.swift */; };
		7D50726E23CAB59900FA54CA /* ProfilePhoto+UserProfileViewController.swift in Sources */ = {isa = PBXBuildFile; fileRef = 7D50726D23CAB59900FA54CA /* ProfilePhoto+UserProfileViewController.swift */; };
		7D50727023CAB7E400FA54CA /* KeyChain+GenericPassword.swift in Sources */ = {isa = PBXBuildFile; fileRef = 7D50726F23CAB7E400FA54CA /* KeyChain+GenericPassword.swift */; };
		7D50727223CBA28D00FA54CA /* ErrorHandler.swift in Sources */ = {isa = PBXBuildFile; fileRef = 7D50727123CBA28D00FA54CA /* ErrorHandler.swift */; };
		7D50727623CBB89100FA54CA /* KeyChain+AuthenticationModel.swift in Sources */ = {isa = PBXBuildFile; fileRef = 7D50727523CBB89100FA54CA /* KeyChain+AuthenticationModel.swift */; };
		7D5512CF23D0EB32000C894D /* Extension+String.swift in Sources */ = {isa = PBXBuildFile; fileRef = 7D5512CE23D0EB32000C894D /* Extension+String.swift */; };
		7D55817F239D2C710076AFEB /* LoginAesthetics+AppLogin.swift in Sources */ = {isa = PBXBuildFile; fileRef = 7D55817E239D2C710076AFEB /* LoginAesthetics+AppLogin.swift */; };
		7D558181239DDE2D0076AFEB /* GoogleService-Info.plist in Resources */ = {isa = PBXBuildFile; fileRef = 7D558180239DDE2D0076AFEB /* GoogleService-Info.plist */; };
		7D558183239DDE810076AFEB /* Podfile in Resources */ = {isa = PBXBuildFile; fileRef = 7D558182239DDE810076AFEB /* Podfile */; };
		7D558186239DE31C0076AFEB /* Authentication.swift in Sources */ = {isa = PBXBuildFile; fileRef = 7D558185239DE31C0076AFEB /* Authentication.swift */; };
		7D68E1AD23BD7E8D0084A2F0 /* AlbumImagesCollectionViewCell.swift in Sources */ = {isa = PBXBuildFile; fileRef = 7D68E1AC23BD7E8D0084A2F0 /* AlbumImagesCollectionViewCell.swift */; };
		7D72C79823CEC180003361B8 /* ImageAlbum.swift in Sources */ = {isa = PBXBuildFile; fileRef = 7D72C79723CEC180003361B8 /* ImageAlbum.swift */; };
		7D72C79B23CECE96003361B8 /* CollectionViewExtension+ImageUploadViewController.swift in Sources */ = {isa = PBXBuildFile; fileRef = 7D72C79A23CECE96003361B8 /* CollectionViewExtension+ImageUploadViewController.swift */; };
		7D72C79D23CECF2C003361B8 /* ImageSelectorExtension+ImageUploadViewController.swift in Sources */ = {isa = PBXBuildFile; fileRef = 7D72C79C23CECF2C003361B8 /* ImageSelectorExtension+ImageUploadViewController.swift */; };
		7D896A1C23C149AF0052C8E4 /* UserImageCollectionViewCell.swift in Sources */ = {isa = PBXBuildFile; fileRef = 7D896A1B23C149AF0052C8E4 /* UserImageCollectionViewCell.swift */; };
		7DCD743A23C0595600BA9D52 /* UserProfile.swift in Sources */ = {isa = PBXBuildFile; fileRef = 7DCD743923C0595600BA9D52 /* UserProfile.swift */; };
		CA3BA1F47FF6371A405E2A88 /* Pods_Petstagram.framework in Frameworks */ = {isa = PBXBuildFile; fileRef = F0F63C2E600878E17487E8C0 /* Pods_Petstagram.framework */; };
/* End PBXBuildFile section */

/* Begin PBXContainerItemProxy section */
		7D4A5414239C66EE0079A96A /* PBXContainerItemProxy */ = {
			isa = PBXContainerItemProxy;
			containerPortal = 7D4A53E7239C66ED0079A96A /* Project object */;
			proxyType = 1;
			remoteGlobalIDString = 7D4A53EE239C66ED0079A96A;
			remoteInfo = Petstagram;
		};
/* End PBXContainerItemProxy section */

/* Begin PBXFileReference section */
		30BAF6D66359D4754EAD6306 /* Pods-Petstagram.release.xcconfig */ = {isa = PBXFileReference; includeInIndex = 1; lastKnownFileType = text.xcconfig; name = "Pods-Petstagram.release.xcconfig"; path = "Target Support Files/Pods-Petstagram/Pods-Petstagram.release.xcconfig"; sourceTree = "<group>"; };
		7D3ED8A823CA58B200CF8EB6 /* AccountImages.swift */ = {isa = PBXFileReference; lastKnownFileType = sourcecode.swift; path = AccountImages.swift; sourceTree = "<group>"; };
		7D48913623D3A83B0037CDBA /* PostsViewController.swift */ = {isa = PBXFileReference; lastKnownFileType = sourcecode.swift; path = PostsViewController.swift; sourceTree = "<group>"; };
		7D48913823D3B64E0037CDBA /* Navigation+UserProfileViewController.swift */ = {isa = PBXFileReference; lastKnownFileType = sourcecode.swift; path = "Navigation+UserProfileViewController.swift"; sourceTree = "<group>"; };
		7D48913A23D3BEB50037CDBA /* PostsTableViewCell.swift */ = {isa = PBXFileReference; lastKnownFileType = sourcecode.swift; path = PostsTableViewCell.swift; sourceTree = "<group>"; };
		7D4A470A23D6A9C8002C2050 /* TimeFrames.swift */ = {isa = PBXFileReference; lastKnownFileType = sourcecode.swift; path = TimeFrames.swift; sourceTree = "<group>"; };
		7D4A53EF239C66ED0079A96A /* Petstagram.app */ = {isa = PBXFileReference; explicitFileType = wrapper.application; includeInIndex = 0; path = Petstagram.app; sourceTree = BUILT_PRODUCTS_DIR; };
		7D4A53F2239C66ED0079A96A /* AppDelegate.swift */ = {isa = PBXFileReference; lastKnownFileType = sourcecode.swift; path = AppDelegate.swift; sourceTree = "<group>"; };
		7D4A53F4239C66ED0079A96A /* SceneDelegate.swift */ = {isa = PBXFileReference; lastKnownFileType = sourcecode.swift; path = SceneDelegate.swift; sourceTree = "<group>"; };
		7D4A53F9239C66ED0079A96A /* Base */ = {isa = PBXFileReference; lastKnownFileType = file.storyboard; name = Base; path = Base.lproj/Main.storyboard; sourceTree = "<group>"; };
		7D4A53FC239C66ED0079A96A /* Petstagram.xcdatamodel */ = {isa = PBXFileReference; lastKnownFileType = wrapper.xcdatamodel; path = Petstagram.xcdatamodel; sourceTree = "<group>"; };
		7D4A53FE239C66EE0079A96A /* Assets.xcassets */ = {isa = PBXFileReference; lastKnownFileType = folder.assetcatalog; path = Assets.xcassets; sourceTree = "<group>"; };
		7D4A5401239C66EE0079A96A /* Base */ = {isa = PBXFileReference; lastKnownFileType = file.storyboard; name = Base; path = Base.lproj/LaunchScreen.storyboard; sourceTree = "<group>"; };
		7D4A5403239C66EE0079A96A /* Info.plist */ = {isa = PBXFileReference; lastKnownFileType = text.plist.xml; path = Info.plist; sourceTree = "<group>"; };
		7D4A5413239C66EE0079A96A /* PetstagramUITests.xctest */ = {isa = PBXFileReference; explicitFileType = wrapper.cfbundle; includeInIndex = 0; path = PetstagramUITests.xctest; sourceTree = BUILT_PRODUCTS_DIR; };
		7D4A5417239C66EE0079A96A /* PetstagramUITests.swift */ = {isa = PBXFileReference; lastKnownFileType = sourcecode.swift; path = PetstagramUITests.swift; sourceTree = "<group>"; };
		7D4A5419239C66EE0079A96A /* Info.plist */ = {isa = PBXFileReference; lastKnownFileType = text.plist.xml; path = Info.plist; sourceTree = "<group>"; };
		7D4A542D239C67AF0079A96A /* ImageUploadStoryboard.storyboard */ = {isa = PBXFileReference; fileEncoding = 4; lastKnownFileType = file.storyboard; path = ImageUploadStoryboard.storyboard; sourceTree = "<group>"; };
		7D4A542E239C67AF0079A96A /* LikesStoryboard.storyboard */ = {isa = PBXFileReference; fileEncoding = 4; lastKnownFileType = file.storyboard; path = LikesStoryboard.storyboard; sourceTree = "<group>"; };
		7D4A542F239C67AF0079A96A /* SearchStoryboard.storyboard */ = {isa = PBXFileReference; fileEncoding = 4; lastKnownFileType = file.storyboard; path = SearchStoryboard.storyboard; sourceTree = "<group>"; };
		7D4A5430239C67AF0079A96A /* UserProfile.storyboard */ = {isa = PBXFileReference; fileEncoding = 4; lastKnownFileType = file.storyboard; path = UserProfile.storyboard; sourceTree = "<group>"; };
		7D4A5436239C69EF0079A96A /* SearchControllerViewController.swift */ = {isa = PBXFileReference; fileEncoding = 4; lastKnownFileType = sourcecode.swift; path = SearchControllerViewController.swift; sourceTree = "<group>"; };
		7D4A5437239C69EF0079A96A /* LikesViewController.swift */ = {isa = PBXFileReference; fileEncoding = 4; lastKnownFileType = sourcecode.swift; path = LikesViewController.swift; sourceTree = "<group>"; };
		7D4A5439239C69F00079A96A /* UserFeedViewController.swift */ = {isa = PBXFileReference; fileEncoding = 4; lastKnownFileType = sourcecode.swift; path = UserFeedViewController.swift; sourceTree = "<group>"; };
		7D4A543A239C69F00079A96A /* UserProfileViewController.swift */ = {isa = PBXFileReference; fileEncoding = 4; lastKnownFileType = sourcecode.swift; path = UserProfileViewController.swift; sourceTree = "<group>"; };
		7D4A543B239C69F00079A96A /* ImageUploadViewController.swift */ = {isa = PBXFileReference; fileEncoding = 4; lastKnownFileType = sourcecode.swift; path = ImageUploadViewController.swift; sourceTree = "<group>"; };
		7D4A5443239C6A410079A96A /* Keys.swift */ = {isa = PBXFileReference; fileEncoding = 4; lastKnownFileType = sourcecode.swift; path = Keys.swift; sourceTree = "<group>"; };
		7D4A5446239C6A800079A96A /* Billabong.ttf */ = {isa = PBXFileReference; lastKnownFileType = file; path = Billabong.ttf; sourceTree = "<group>"; };
		7D4A5448239C6AFA0079A96A /* AppLogin.swift */ = {isa = PBXFileReference; lastKnownFileType = sourcecode.swift; path = AppLogin.swift; sourceTree = "<group>"; };
		7D4A544B239C91E90079A96A /* AccountCreation+AppLogin.swift */ = {isa = PBXFileReference; lastKnownFileType = sourcecode.swift; path = "AccountCreation+AppLogin.swift"; sourceTree = "<group>"; };
		7D50726B23CAB3EE00FA54CA /* CollectionView+UserProfileViewController.swift */ = {isa = PBXFileReference; lastKnownFileType = sourcecode.swift; path = "CollectionView+UserProfileViewController.swift"; sourceTree = "<group>"; };
		7D50726D23CAB59900FA54CA /* ProfilePhoto+UserProfileViewController.swift */ = {isa = PBXFileReference; lastKnownFileType = sourcecode.swift; path = "ProfilePhoto+UserProfileViewController.swift"; sourceTree = "<group>"; };
		7D50726F23CAB7E400FA54CA /* KeyChain+GenericPassword.swift */ = {isa = PBXFileReference; lastKnownFileType = sourcecode.swift; path = "KeyChain+GenericPassword.swift"; sourceTree = "<group>"; };
		7D50727123CBA28D00FA54CA /* ErrorHandler.swift */ = {isa = PBXFileReference; lastKnownFileType = sourcecode.swift; path = ErrorHandler.swift; sourceTree = "<group>"; };
		7D50727523CBB89100FA54CA /* KeyChain+AuthenticationModel.swift */ = {isa = PBXFileReference; lastKnownFileType = sourcecode.swift; path = "KeyChain+AuthenticationModel.swift"; sourceTree = "<group>"; };
		7D5512CE23D0EB32000C894D /* Extension+String.swift */ = {isa = PBXFileReference; lastKnownFileType = sourcecode.swift; path = "Extension+String.swift"; sourceTree = "<group>"; };
		7D55817E239D2C710076AFEB /* LoginAesthetics+AppLogin.swift */ = {isa = PBXFileReference; lastKnownFileType = sourcecode.swift; path = "LoginAesthetics+AppLogin.swift"; sourceTree = "<group>"; };
		7D558180239DDE2D0076AFEB /* GoogleService-Info.plist */ = {isa = PBXFileReference; fileEncoding = 4; lastKnownFileType = text.plist.xml; path = "GoogleService-Info.plist"; sourceTree = "<group>"; };
		7D558182239DDE810076AFEB /* Podfile */ = {isa = PBXFileReference; lastKnownFileType = text; path = Podfile; sourceTree = SOURCE_ROOT; xcLanguageSpecificationIdentifier = xcode.lang.ruby; };
		7D558185239DE31C0076AFEB /* Authentication.swift */ = {isa = PBXFileReference; lastKnownFileType = sourcecode.swift; path = Authentication.swift; sourceTree = "<group>"; };
		7D68E1AC23BD7E8D0084A2F0 /* AlbumImagesCollectionViewCell.swift */ = {isa = PBXFileReference; lastKnownFileType = sourcecode.swift; path = AlbumImagesCollectionViewCell.swift; sourceTree = "<group>"; };
		7D72C79723CEC180003361B8 /* ImageAlbum.swift */ = {isa = PBXFileReference; lastKnownFileType = sourcecode.swift; path = ImageAlbum.swift; sourceTree = "<group>"; };
		7D72C79A23CECE96003361B8 /* CollectionViewExtension+ImageUploadViewController.swift */ = {isa = PBXFileReference; lastKnownFileType = sourcecode.swift; path = "CollectionViewExtension+ImageUploadViewController.swift"; sourceTree = "<group>"; };
		7D72C79C23CECF2C003361B8 /* ImageSelectorExtension+ImageUploadViewController.swift */ = {isa = PBXFileReference; lastKnownFileType = sourcecode.swift; path = "ImageSelectorExtension+ImageUploadViewController.swift"; sourceTree = "<group>"; };
		7D896A1B23C149AF0052C8E4 /* UserImageCollectionViewCell.swift */ = {isa = PBXFileReference; lastKnownFileType = sourcecode.swift; path = UserImageCollectionViewCell.swift; sourceTree = "<group>"; };
		7DCD743923C0595600BA9D52 /* UserProfile.swift */ = {isa = PBXFileReference; lastKnownFileType = sourcecode.swift; path = UserProfile.swift; sourceTree = "<group>"; };
		ADB9CC2E38F2A8EE4903487C /* Pods-Petstagram.debug.xcconfig */ = {isa = PBXFileReference; includeInIndex = 1; lastKnownFileType = text.xcconfig; name = "Pods-Petstagram.debug.xcconfig"; path = "Target Support Files/Pods-Petstagram/Pods-Petstagram.debug.xcconfig"; sourceTree = "<group>"; };
		F0F63C2E600878E17487E8C0 /* Pods_Petstagram.framework */ = {isa = PBXFileReference; explicitFileType = wrapper.framework; includeInIndex = 0; path = Pods_Petstagram.framework; sourceTree = BUILT_PRODUCTS_DIR; };
/* End PBXFileReference section */

/* Begin PBXFrameworksBuildPhase section */
		7D4A53EC239C66ED0079A96A /* Frameworks */ = {
			isa = PBXFrameworksBuildPhase;
			buildActionMask = 2147483647;
			files = (
				7D4A544F239CBBEC0079A96A /* IQKeyboardManagerSwift in Frameworks */,
				CA3BA1F47FF6371A405E2A88 /* Pods_Petstagram.framework in Frameworks */,
			);
			runOnlyForDeploymentPostprocessing = 0;
		};
		7D4A5410239C66EE0079A96A /* Frameworks */ = {
			isa = PBXFrameworksBuildPhase;
			buildActionMask = 2147483647;
			files = (
			);
			runOnlyForDeploymentPostprocessing = 0;
		};
/* End PBXFrameworksBuildPhase section */

/* Begin PBXGroup section */
		081BA26094B7FD432F43680B /* Pods */ = {
			isa = PBXGroup;
			children = (
				ADB9CC2E38F2A8EE4903487C /* Pods-Petstagram.debug.xcconfig */,
				30BAF6D66359D4754EAD6306 /* Pods-Petstagram.release.xcconfig */,
			);
			path = Pods;
			sourceTree = "<group>";
		};
		545AEDA17896944478FD0A83 /* Frameworks */ = {
			isa = PBXGroup;
			children = (
				F0F63C2E600878E17487E8C0 /* Pods_Petstagram.framework */,
			);
			name = Frameworks;
			sourceTree = "<group>";
		};
		7D4A53E6239C66ED0079A96A = {
			isa = PBXGroup;
			children = (
				7D4A53F1239C66ED0079A96A /* Petstagram */,
				7D4A5416239C66EE0079A96A /* PetstagramUITests */,
				7D4A53F0239C66ED0079A96A /* Products */,
				081BA26094B7FD432F43680B /* Pods */,
				545AEDA17896944478FD0A83 /* Frameworks */,
			);
			sourceTree = "<group>";
		};
		7D4A53F0239C66ED0079A96A /* Products */ = {
			isa = PBXGroup;
			children = (
				7D4A53EF239C66ED0079A96A /* Petstagram.app */,
				7D4A5413239C66EE0079A96A /* PetstagramUITests.xctest */,
			);
			name = Products;
			sourceTree = "<group>";
		};
		7D4A53F1239C66ED0079A96A /* Petstagram */ = {
			isa = PBXGroup;
			children = (
				7D68E1AB23BD7E570084A2F0 /* Views */,
				7D4A53F2239C66ED0079A96A /* AppDelegate.swift */,
				7D558184239DE3080076AFEB /* Models */,
				7D4A5442239C6A300079A96A /* KeyModel */,
				7D4A5435239C69DE0079A96A /* Controllers */,
				7D4A5445239C6A710079A96A /* Font */,
				7D4A53F4239C66ED0079A96A /* SceneDelegate.swift */,
				7D4A53F8239C66ED0079A96A /* Main.storyboard */,
				7D4A542D239C67AF0079A96A /* ImageUploadStoryboard.storyboard */,
				7D4A542E239C67AF0079A96A /* LikesStoryboard.storyboard */,
				7D4A542F239C67AF0079A96A /* SearchStoryboard.storyboard */,
				7D4A5430239C67AF0079A96A /* UserProfile.storyboard */,
				7D4A53FE239C66EE0079A96A /* Assets.xcassets */,
				7D4A5400239C66EE0079A96A /* LaunchScreen.storyboard */,
				7D4A5403239C66EE0079A96A /* Info.plist */,
				7D558182239DDE810076AFEB /* Podfile */,
				7D558180239DDE2D0076AFEB /* GoogleService-Info.plist */,
				7D4A53FB239C66ED0079A96A /* Petstagram.xcdatamodeld */,
			);
			path = Petstagram;
			sourceTree = "<group>";
		};
		7D4A5416239C66EE0079A96A /* PetstagramUITests */ = {
			isa = PBXGroup;
			children = (
				7D4A5417239C66EE0079A96A /* PetstagramUITests.swift */,
				7D4A5419239C66EE0079A96A /* Info.plist */,
			);
			path = PetstagramUITests;
			sourceTree = "<group>";
		};
		7D4A5435239C69DE0079A96A /* Controllers */ = {
			isa = PBXGroup;
			children = (
				7D50726F23CAB7E400FA54CA /* KeyChain+GenericPassword.swift */,
				7D4A543B239C69F00079A96A /* ImageUploadViewController.swift */,
				7D4A5437239C69EF0079A96A /* LikesViewController.swift */,
				7D4A5436239C69EF0079A96A /* SearchControllerViewController.swift */,
				7D4A5439239C69F00079A96A /* UserFeedViewController.swift */,
				7D4A543A239C69F00079A96A /* UserProfileViewController.swift */,
				7D4A5448239C6AFA0079A96A /* AppLogin.swift */,
				7D48913623D3A83B0037CDBA /* PostsViewController.swift */,
				7D4A544A239C91B00079A96A /* Extensions */,
			);
			path = Controllers;
			sourceTree = "<group>";
		};
		7D4A5442239C6A300079A96A /* KeyModel */ = {
			isa = PBXGroup;
			children = (
				7D4A5443239C6A410079A96A /* Keys.swift */,
			);
			path = KeyModel;
			sourceTree = "<group>";
		};
		7D4A5445239C6A710079A96A /* Font */ = {
			isa = PBXGroup;
			children = (
				7D4A5446239C6A800079A96A /* Billabong.ttf */,
			);
			path = Font;
			sourceTree = "<group>";
		};
		7D4A544A239C91B00079A96A /* Extensions */ = {
			isa = PBXGroup;
			children = (
				7D5512CD23D0EB10000C894D /* String */,
				7D72C79923CECE63003361B8 /* ImageUploadViewController */,
				7D50726A23CAB36400FA54CA /* UserProfileViewController */,
				7D50726923CAB35000FA54CA /* AppLogin */,
			);
			path = Extensions;
			sourceTree = "<group>";
		};
		7D50726923CAB35000FA54CA /* AppLogin */ = {
			isa = PBXGroup;
			children = (
				7D4A544B239C91E90079A96A /* AccountCreation+AppLogin.swift */,
				7D55817E239D2C710076AFEB /* LoginAesthetics+AppLogin.swift */,
			);
			path = AppLogin;
			sourceTree = "<group>";
		};
		7D50726A23CAB36400FA54CA /* UserProfileViewController */ = {
			isa = PBXGroup;
			children = (
				7D50726B23CAB3EE00FA54CA /* CollectionView+UserProfileViewController.swift */,
				7D50726D23CAB59900FA54CA /* ProfilePhoto+UserProfileViewController.swift */,
				7D48913823D3B64E0037CDBA /* Navigation+UserProfileViewController.swift */,
			);
			path = UserProfileViewController;
			sourceTree = "<group>";
		};
		7D5512CD23D0EB10000C894D /* String */ = {
			isa = PBXGroup;
			children = (
				7D5512CE23D0EB32000C894D /* Extension+String.swift */,
			);
			path = String;
			sourceTree = "<group>";
		};
		7D558184239DE3080076AFEB /* Models */ = {
			isa = PBXGroup;
			children = (
				7D558185239DE31C0076AFEB /* Authentication.swift */,
				7D50727523CBB89100FA54CA /* KeyChain+AuthenticationModel.swift */,
				7DCD743923C0595600BA9D52 /* UserProfile.swift */,
				7D3ED8A823CA58B200CF8EB6 /* AccountImages.swift */,
				7D50727123CBA28D00FA54CA /* ErrorHandler.swift */,
				7D72C79723CEC180003361B8 /* ImageAlbum.swift */,
				7D4A470A23D6A9C8002C2050 /* TimeFrames.swift */,
			);
			path = Models;
			sourceTree = "<group>";
		};
		7D68E1AB23BD7E570084A2F0 /* Views */ = {
			isa = PBXGroup;
			children = (
				7D68E1AC23BD7E8D0084A2F0 /* AlbumImagesCollectionViewCell.swift */,
				7D896A1B23C149AF0052C8E4 /* UserImageCollectionViewCell.swift */,
				7D48913A23D3BEB50037CDBA /* PostsTableViewCell.swift */,
			);
			path = Views;
			sourceTree = "<group>";
		};
		7D72C79923CECE63003361B8 /* ImageUploadViewController */ = {
			isa = PBXGroup;
			children = (
				7D72C79A23CECE96003361B8 /* CollectionViewExtension+ImageUploadViewController.swift */,
				7D72C79C23CECF2C003361B8 /* ImageSelectorExtension+ImageUploadViewController.swift */,
			);
			path = ImageUploadViewController;
			sourceTree = "<group>";
		};
/* End PBXGroup section */

/* Begin PBXNativeTarget section */
		7D4A53EE239C66ED0079A96A /* Petstagram */ = {
			isa = PBXNativeTarget;
			buildConfigurationList = 7D4A541C239C66EE0079A96A /* Build configuration list for PBXNativeTarget "Petstagram" */;
			buildPhases = (
				6347EBB85D7CD1E58BFEE17F /* [CP] Check Pods Manifest.lock */,
				7D4A53EB239C66ED0079A96A /* Sources */,
				7D4A53EC239C66ED0079A96A /* Frameworks */,
				7D4A53ED239C66ED0079A96A /* Resources */,
				73EE0767E0B7D82C3223EB41 /* [CP] Embed Pods Frameworks */,
			);
			buildRules = (
			);
			dependencies = (
			);
			name = Petstagram;
			packageProductDependencies = (
				7D4A544E239CBBEC0079A96A /* IQKeyboardManagerSwift */,
			);
			productName = Petstagram;
			productReference = 7D4A53EF239C66ED0079A96A /* Petstagram.app */;
			productType = "com.apple.product-type.application";
		};
		7D4A5412239C66EE0079A96A /* PetstagramUITests */ = {
			isa = PBXNativeTarget;
			buildConfigurationList = 7D4A5422239C66EE0079A96A /* Build configuration list for PBXNativeTarget "PetstagramUITests" */;
			buildPhases = (
				7D4A540F239C66EE0079A96A /* Sources */,
				7D4A5410239C66EE0079A96A /* Frameworks */,
				7D4A5411239C66EE0079A96A /* Resources */,
			);
			buildRules = (
			);
			dependencies = (
				7D4A5415239C66EE0079A96A /* PBXTargetDependency */,
			);
			name = PetstagramUITests;
			productName = PetstagramUITests;
			productReference = 7D4A5413239C66EE0079A96A /* PetstagramUITests.xctest */;
			productType = "com.apple.product-type.bundle.ui-testing";
		};
/* End PBXNativeTarget section */

/* Begin PBXProject section */
		7D4A53E7239C66ED0079A96A /* Project object */ = {
			isa = PBXProject;
			attributes = {
				LastSwiftUpdateCheck = 1130;
				LastUpgradeCheck = 1120;
				ORGANIZATIONNAME = DuhMarket;
				TargetAttributes = {
					7D4A53EE239C66ED0079A96A = {
						CreatedOnToolsVersion = 11.2.1;
					};
					7D4A5412239C66EE0079A96A = {
						CreatedOnToolsVersion = 11.2.1;
						TestTargetID = 7D4A53EE239C66ED0079A96A;
					};
				};
			};
			buildConfigurationList = 7D4A53EA239C66ED0079A96A /* Build configuration list for PBXProject "Petstagram" */;
			compatibilityVersion = "Xcode 9.3";
			developmentRegion = en;
			hasScannedForEncodings = 0;
			knownRegions = (
				en,
				Base,
			);
			mainGroup = 7D4A53E6239C66ED0079A96A;
			packageReferences = (
				7D4A544D239CBBEC0079A96A /* XCRemoteSwiftPackageReference "IQKeyboardManager" */,
			);
			productRefGroup = 7D4A53F0239C66ED0079A96A /* Products */;
			projectDirPath = "";
			projectRoot = "";
			targets = (
				7D4A53EE239C66ED0079A96A /* Petstagram */,
				7D4A5412239C66EE0079A96A /* PetstagramUITests */,
			);
		};
/* End PBXProject section */

/* Begin PBXResourcesBuildPhase section */
		7D4A53ED239C66ED0079A96A /* Resources */ = {
			isa = PBXResourcesBuildPhase;
			buildActionMask = 2147483647;
			files = (
				7D558183239DDE810076AFEB /* Podfile in Resources */,
				7D4A5431239C67AF0079A96A /* ImageUploadStoryboard.storyboard in Resources */,
				7D4A5433239C67AF0079A96A /* SearchStoryboard.storyboard in Resources */,
				7D558181239DDE2D0076AFEB /* GoogleService-Info.plist in Resources */,
				7D4A5402239C66EE0079A96A /* LaunchScreen.storyboard in Resources */,
				7D4A5432239C67AF0079A96A /* LikesStoryboard.storyboard in Resources */,
				7D4A53FF239C66EE0079A96A /* Assets.xcassets in Resources */,
				7D4A53FA239C66ED0079A96A /* Main.storyboard in Resources */,
				7D4A5447239C6A800079A96A /* Billabong.ttf in Resources */,
				7D4A5434239C67AF0079A96A /* UserProfile.storyboard in Resources */,
			);
			runOnlyForDeploymentPostprocessing = 0;
		};
		7D4A5411239C66EE0079A96A /* Resources */ = {
			isa = PBXResourcesBuildPhase;
			buildActionMask = 2147483647;
			files = (
			);
			runOnlyForDeploymentPostprocessing = 0;
		};
/* End PBXResourcesBuildPhase section */

/* Begin PBXShellScriptBuildPhase section */
		6347EBB85D7CD1E58BFEE17F /* [CP] Check Pods Manifest.lock */ = {
			isa = PBXShellScriptBuildPhase;
			buildActionMask = 2147483647;
			files = (
			);
			inputFileListPaths = (
			);
			inputPaths = (
				"${PODS_PODFILE_DIR_PATH}/Podfile.lock",
				"${PODS_ROOT}/Manifest.lock",
			);
			name = "[CP] Check Pods Manifest.lock";
			outputFileListPaths = (
			);
			outputPaths = (
				"$(DERIVED_FILE_DIR)/Pods-Petstagram-checkManifestLockResult.txt",
			);
			runOnlyForDeploymentPostprocessing = 0;
			shellPath = /bin/sh;
			shellScript = "diff \"${PODS_PODFILE_DIR_PATH}/Podfile.lock\" \"${PODS_ROOT}/Manifest.lock\" > /dev/null\nif [ $? != 0 ] ; then\n    # print error to STDERR\n    echo \"error: The sandbox is not in sync with the Podfile.lock. Run 'pod install' or update your CocoaPods installation.\" >&2\n    exit 1\nfi\n# This output is used by Xcode 'outputs' to avoid re-running this script phase.\necho \"SUCCESS\" > \"${SCRIPT_OUTPUT_FILE_0}\"\n";
			showEnvVarsInLog = 0;
		};
		73EE0767E0B7D82C3223EB41 /* [CP] Embed Pods Frameworks */ = {
			isa = PBXShellScriptBuildPhase;
			buildActionMask = 2147483647;
			files = (
			);
			inputFileListPaths = (
				"${PODS_ROOT}/Target Support Files/Pods-Petstagram/Pods-Petstagram-frameworks-${CONFIGURATION}-input-files.xcfilelist",
			);
			name = "[CP] Embed Pods Frameworks";
			outputFileListPaths = (
				"${PODS_ROOT}/Target Support Files/Pods-Petstagram/Pods-Petstagram-frameworks-${CONFIGURATION}-output-files.xcfilelist",
			);
			runOnlyForDeploymentPostprocessing = 0;
			shellPath = /bin/sh;
			shellScript = "\"${PODS_ROOT}/Target Support Files/Pods-Petstagram/Pods-Petstagram-frameworks.sh\"\n";
			showEnvVarsInLog = 0;
		};
/* End PBXShellScriptBuildPhase section */

/* Begin PBXSourcesBuildPhase section */
		7D4A53EB239C66ED0079A96A /* Sources */ = {
			isa = PBXSourcesBuildPhase;
			buildActionMask = 2147483647;
			files = (
				7D5512CF23D0EB32000C894D /* Extension+String.swift in Sources */,
				7D4A544C239C91E90079A96A /* AccountCreation+AppLogin.swift in Sources */,
				7D50727623CBB89100FA54CA /* KeyChain+AuthenticationModel.swift in Sources */,
				7D50726C23CAB3EE00FA54CA /* CollectionView+UserProfileViewController.swift in Sources */,
				7D558186239DE31C0076AFEB /* Authentication.swift in Sources */,
				7D55817F239D2C710076AFEB /* LoginAesthetics+AppLogin.swift in Sources */,
				7D896A1C23C149AF0052C8E4 /* UserImageCollectionViewCell.swift in Sources */,
				7D48913923D3B64E0037CDBA /* Navigation+UserProfileViewController.swift in Sources */,
				7D72C79D23CECF2C003361B8 /* ImageSelectorExtension+ImageUploadViewController.swift in Sources */,
				7D4A5441239C69F00079A96A /* ImageUploadViewController.swift in Sources */,
				7D72C79823CEC180003361B8 /* ImageAlbum.swift in Sources */,
				7D72C79B23CECE96003361B8 /* CollectionViewExtension+ImageUploadViewController.swift in Sources */,
				7D4A543C239C69F00079A96A /* SearchControllerViewController.swift in Sources */,
				7D4A5440239C69F00079A96A /* UserProfileViewController.swift in Sources */,
				7D68E1AD23BD7E8D0084A2F0 /* AlbumImagesCollectionViewCell.swift in Sources */,
				7D50727023CAB7E400FA54CA /* KeyChain+GenericPassword.swift in Sources */,
				7D50727223CBA28D00FA54CA /* ErrorHandler.swift in Sources */,
				7D4A543D239C69F00079A96A /* LikesViewController.swift in Sources */,
				7D4A53F3239C66ED0079A96A /* AppDelegate.swift in Sources */,
				7D3ED8A923CA58B200CF8EB6 /* AccountImages.swift in Sources */,
				7D4A543F239C69F00079A96A /* UserFeedViewController.swift in Sources */,
				7D50726E23CAB59900FA54CA /* ProfilePhoto+UserProfileViewController.swift in Sources */,
				7D4A53F5239C66ED0079A96A /* SceneDelegate.swift in Sources */,
				7D4A5449239C6AFA0079A96A /* AppLogin.swift in Sources */,
				7D4A53FD239C66ED0079A96A /* Petstagram.xcdatamodeld in Sources */,
				7D48913723D3A83B0037CDBA /* PostsViewController.swift in Sources */,
				7D4A470B23D6A9C8002C2050 /* TimeFrames.swift in Sources */,
				7D4A5444239C6A410079A96A /* Keys.swift in Sources */,
				7D48913B23D3BEB50037CDBA /* PostsTableViewCell.swift in Sources */,
				7DCD743A23C0595600BA9D52 /* UserProfile.swift in Sources */,
			);
			runOnlyForDeploymentPostprocessing = 0;
		};
		7D4A540F239C66EE0079A96A /* Sources */ = {
			isa = PBXSourcesBuildPhase;
			buildActionMask = 2147483647;
			files = (
				7D4A5418239C66EE0079A96A /* PetstagramUITests.swift in Sources */,
			);
			runOnlyForDeploymentPostprocessing = 0;
		};
/* End PBXSourcesBuildPhase section */

/* Begin PBXTargetDependency section */
		7D4A5415239C66EE0079A96A /* PBXTargetDependency */ = {
			isa = PBXTargetDependency;
			target = 7D4A53EE239C66ED0079A96A /* Petstagram */;
			targetProxy = 7D4A5414239C66EE0079A96A /* PBXContainerItemProxy */;
		};
/* End PBXTargetDependency section */

/* Begin PBXVariantGroup section */
		7D4A53F8239C66ED0079A96A /* Main.storyboard */ = {
			isa = PBXVariantGroup;
			children = (
				7D4A53F9239C66ED0079A96A /* Base */,
			);
			name = Main.storyboard;
			sourceTree = "<group>";
		};
		7D4A5400239C66EE0079A96A /* LaunchScreen.storyboard */ = {
			isa = PBXVariantGroup;
			children = (
				7D4A5401239C66EE0079A96A /* Base */,
			);
			name = LaunchScreen.storyboard;
			sourceTree = "<group>";
		};
/* End PBXVariantGroup section */

/* Begin XCBuildConfiguration section */
		7D4A541A239C66EE0079A96A /* Debug */ = {
			isa = XCBuildConfiguration;
			buildSettings = {
				ALWAYS_SEARCH_USER_PATHS = NO;
				CLANG_ANALYZER_NONNULL = YES;
				CLANG_ANALYZER_NUMBER_OBJECT_CONVERSION = YES_AGGRESSIVE;
				CLANG_CXX_LANGUAGE_STANDARD = "gnu++14";
				CLANG_CXX_LIBRARY = "libc++";
				CLANG_ENABLE_MODULES = YES;
				CLANG_ENABLE_OBJC_ARC = YES;
				CLANG_ENABLE_OBJC_WEAK = YES;
				CLANG_WARN_BLOCK_CAPTURE_AUTORELEASING = YES;
				CLANG_WARN_BOOL_CONVERSION = YES;
				CLANG_WARN_COMMA = YES;
				CLANG_WARN_CONSTANT_CONVERSION = YES;
				CLANG_WARN_DEPRECATED_OBJC_IMPLEMENTATIONS = YES;
				CLANG_WARN_DIRECT_OBJC_ISA_USAGE = YES_ERROR;
				CLANG_WARN_DOCUMENTATION_COMMENTS = YES;
				CLANG_WARN_EMPTY_BODY = YES;
				CLANG_WARN_ENUM_CONVERSION = YES;
				CLANG_WARN_INFINITE_RECURSION = YES;
				CLANG_WARN_INT_CONVERSION = YES;
				CLANG_WARN_NON_LITERAL_NULL_CONVERSION = YES;
				CLANG_WARN_OBJC_IMPLICIT_RETAIN_SELF = YES;
				CLANG_WARN_OBJC_LITERAL_CONVERSION = YES;
				CLANG_WARN_OBJC_ROOT_CLASS = YES_ERROR;
				CLANG_WARN_RANGE_LOOP_ANALYSIS = YES;
				CLANG_WARN_STRICT_PROTOTYPES = YES;
				CLANG_WARN_SUSPICIOUS_MOVE = YES;
				CLANG_WARN_UNGUARDED_AVAILABILITY = YES_AGGRESSIVE;
				CLANG_WARN_UNREACHABLE_CODE = YES;
				CLANG_WARN__DUPLICATE_METHOD_MATCH = YES;
				COPY_PHASE_STRIP = NO;
				DEBUG_INFORMATION_FORMAT = dwarf;
				ENABLE_STRICT_OBJC_MSGSEND = YES;
				ENABLE_TESTABILITY = YES;
				GCC_C_LANGUAGE_STANDARD = gnu11;
				GCC_DYNAMIC_NO_PIC = NO;
				GCC_NO_COMMON_BLOCKS = YES;
				GCC_OPTIMIZATION_LEVEL = 0;
				GCC_PREPROCESSOR_DEFINITIONS = (
					"DEBUG=1",
					"$(inherited)",
				);
				GCC_WARN_64_TO_32_BIT_CONVERSION = YES;
				GCC_WARN_ABOUT_RETURN_TYPE = YES_ERROR;
				GCC_WARN_UNDECLARED_SELECTOR = YES;
				GCC_WARN_UNINITIALIZED_AUTOS = YES_AGGRESSIVE;
				GCC_WARN_UNUSED_FUNCTION = YES;
				GCC_WARN_UNUSED_VARIABLE = YES;
				IPHONEOS_DEPLOYMENT_TARGET = 13.2;
				MTL_ENABLE_DEBUG_INFO = INCLUDE_SOURCE;
				MTL_FAST_MATH = YES;
				ONLY_ACTIVE_ARCH = YES;
				SDKROOT = iphoneos;
				SWIFT_ACTIVE_COMPILATION_CONDITIONS = DEBUG;
				SWIFT_OPTIMIZATION_LEVEL = "-Onone";
			};
			name = Debug;
		};
		7D4A541B239C66EE0079A96A /* Release */ = {
			isa = XCBuildConfiguration;
			buildSettings = {
				ALWAYS_SEARCH_USER_PATHS = NO;
				CLANG_ANALYZER_NONNULL = YES;
				CLANG_ANALYZER_NUMBER_OBJECT_CONVERSION = YES_AGGRESSIVE;
				CLANG_CXX_LANGUAGE_STANDARD = "gnu++14";
				CLANG_CXX_LIBRARY = "libc++";
				CLANG_ENABLE_MODULES = YES;
				CLANG_ENABLE_OBJC_ARC = YES;
				CLANG_ENABLE_OBJC_WEAK = YES;
				CLANG_WARN_BLOCK_CAPTURE_AUTORELEASING = YES;
				CLANG_WARN_BOOL_CONVERSION = YES;
				CLANG_WARN_COMMA = YES;
				CLANG_WARN_CONSTANT_CONVERSION = YES;
				CLANG_WARN_DEPRECATED_OBJC_IMPLEMENTATIONS = YES;
				CLANG_WARN_DIRECT_OBJC_ISA_USAGE = YES_ERROR;
				CLANG_WARN_DOCUMENTATION_COMMENTS = YES;
				CLANG_WARN_EMPTY_BODY = YES;
				CLANG_WARN_ENUM_CONVERSION = YES;
				CLANG_WARN_INFINITE_RECURSION = YES;
				CLANG_WARN_INT_CONVERSION = YES;
				CLANG_WARN_NON_LITERAL_NULL_CONVERSION = YES;
				CLANG_WARN_OBJC_IMPLICIT_RETAIN_SELF = YES;
				CLANG_WARN_OBJC_LITERAL_CONVERSION = YES;
				CLANG_WARN_OBJC_ROOT_CLASS = YES_ERROR;
				CLANG_WARN_RANGE_LOOP_ANALYSIS = YES;
				CLANG_WARN_STRICT_PROTOTYPES = YES;
				CLANG_WARN_SUSPICIOUS_MOVE = YES;
				CLANG_WARN_UNGUARDED_AVAILABILITY = YES_AGGRESSIVE;
				CLANG_WARN_UNREACHABLE_CODE = YES;
				CLANG_WARN__DUPLICATE_METHOD_MATCH = YES;
				COPY_PHASE_STRIP = NO;
				DEBUG_INFORMATION_FORMAT = "dwarf-with-dsym";
				ENABLE_NS_ASSERTIONS = NO;
				ENABLE_STRICT_OBJC_MSGSEND = YES;
				GCC_C_LANGUAGE_STANDARD = gnu11;
				GCC_NO_COMMON_BLOCKS = YES;
				GCC_WARN_64_TO_32_BIT_CONVERSION = YES;
				GCC_WARN_ABOUT_RETURN_TYPE = YES_ERROR;
				GCC_WARN_UNDECLARED_SELECTOR = YES;
				GCC_WARN_UNINITIALIZED_AUTOS = YES_AGGRESSIVE;
				GCC_WARN_UNUSED_FUNCTION = YES;
				GCC_WARN_UNUSED_VARIABLE = YES;
				IPHONEOS_DEPLOYMENT_TARGET = 13.2;
				MTL_ENABLE_DEBUG_INFO = NO;
				MTL_FAST_MATH = YES;
				SDKROOT = iphoneos;
				SWIFT_COMPILATION_MODE = wholemodule;
				SWIFT_OPTIMIZATION_LEVEL = "-O";
				VALIDATE_PRODUCT = YES;
			};
			name = Release;
		};
		7D4A541D239C66EE0079A96A /* Debug */ = {
			isa = XCBuildConfiguration;
			baseConfigurationReference = ADB9CC2E38F2A8EE4903487C /* Pods-Petstagram.debug.xcconfig */;
			buildSettings = {
				ASSETCATALOG_COMPILER_APPICON_NAME = AppIcon;
				CODE_SIGN_STYLE = Automatic;
				DEVELOPMENT_TEAM = 55P567K3FP;
				INFOPLIST_FILE = Petstagram/Info.plist;
				LD_RUNPATH_SEARCH_PATHS = (
					"$(inherited)",
					"@executable_path/Frameworks",
				);
				PRODUCT_BUNDLE_IDENTIFIER = com.duhmarket.PetstagramApp;
				PRODUCT_NAME = "$(TARGET_NAME)";
				SWIFT_VERSION = 5.0;
				TARGETED_DEVICE_FAMILY = 1;
			};
			name = Debug;
		};
		7D4A541E239C66EE0079A96A /* Release */ = {
			isa = XCBuildConfiguration;
			baseConfigurationReference = 30BAF6D66359D4754EAD6306 /* Pods-Petstagram.release.xcconfig */;
			buildSettings = {
				ASSETCATALOG_COMPILER_APPICON_NAME = AppIcon;
				CODE_SIGN_STYLE = Automatic;
				DEVELOPMENT_TEAM = 55P567K3FP;
				INFOPLIST_FILE = Petstagram/Info.plist;
				LD_RUNPATH_SEARCH_PATHS = (
					"$(inherited)",
					"@executable_path/Frameworks",
				);
				PRODUCT_BUNDLE_IDENTIFIER = com.duhmarket.PetstagramApp;
				PRODUCT_NAME = "$(TARGET_NAME)";
				SWIFT_VERSION = 5.0;
				TARGETED_DEVICE_FAMILY = 1;
			};
			name = Release;
		};
		7D4A5423239C66EE0079A96A /* Debug */ = {
			isa = XCBuildConfiguration;
			buildSettings = {
				ALWAYS_EMBED_SWIFT_STANDARD_LIBRARIES = YES;
				CODE_SIGN_STYLE = Automatic;
				DEVELOPMENT_TEAM = 55P567K3FP;
				INFOPLIST_FILE = PetstagramUITests/Info.plist;
				LD_RUNPATH_SEARCH_PATHS = (
					"$(inherited)",
					"@executable_path/Frameworks",
					"@loader_path/Frameworks",
				);
				PRODUCT_BUNDLE_IDENTIFIER = com.duhmarket.PetstagramUITests;
				PRODUCT_NAME = "$(TARGET_NAME)";
				SWIFT_VERSION = 5.0;
				TARGETED_DEVICE_FAMILY = "1,2";
				TEST_TARGET_NAME = Petstagram;
			};
			name = Debug;
		};
		7D4A5424239C66EE0079A96A /* Release */ = {
			isa = XCBuildConfiguration;
			buildSettings = {
				ALWAYS_EMBED_SWIFT_STANDARD_LIBRARIES = YES;
				CODE_SIGN_STYLE = Automatic;
				DEVELOPMENT_TEAM = 55P567K3FP;
				INFOPLIST_FILE = PetstagramUITests/Info.plist;
				LD_RUNPATH_SEARCH_PATHS = (
					"$(inherited)",
					"@executable_path/Frameworks",
					"@loader_path/Frameworks",
				);
				PRODUCT_BUNDLE_IDENTIFIER = com.duhmarket.PetstagramUITests;
				PRODUCT_NAME = "$(TARGET_NAME)";
				SWIFT_VERSION = 5.0;
				TARGETED_DEVICE_FAMILY = "1,2";
				TEST_TARGET_NAME = Petstagram;
			};
			name = Release;
		};
/* End XCBuildConfiguration section */

/* Begin XCConfigurationList section */
		7D4A53EA239C66ED0079A96A /* Build configuration list for PBXProject "Petstagram" */ = {
			isa = XCConfigurationList;
			buildConfigurations = (
				7D4A541A239C66EE0079A96A /* Debug */,
				7D4A541B239C66EE0079A96A /* Release */,
			);
			defaultConfigurationIsVisible = 0;
			defaultConfigurationName = Release;
		};
		7D4A541C239C66EE0079A96A /* Build configuration list for PBXNativeTarget "Petstagram" */ = {
			isa = XCConfigurationList;
			buildConfigurations = (
				7D4A541D239C66EE0079A96A /* Debug */,
				7D4A541E239C66EE0079A96A /* Release */,
			);
			defaultConfigurationIsVisible = 0;
			defaultConfigurationName = Release;
		};
		7D4A5422239C66EE0079A96A /* Build configuration list for PBXNativeTarget "PetstagramUITests" */ = {
			isa = XCConfigurationList;
			buildConfigurations = (
				7D4A5423239C66EE0079A96A /* Debug */,
				7D4A5424239C66EE0079A96A /* Release */,
			);
			defaultConfigurationIsVisible = 0;
			defaultConfigurationName = Release;
		};
/* End XCConfigurationList section */

/* Begin XCRemoteSwiftPackageReference section */
		7D4A544D239CBBEC0079A96A /* XCRemoteSwiftPackageReference "IQKeyboardManager" */ = {
			isa = XCRemoteSwiftPackageReference;
			repositoryURL = "https://github.com/hackiftekhar/IQKeyboardManager.git";
			requirement = {
				kind = upToNextMajorVersion;
				minimumVersion = 6.5.4;
			};
		};
/* End XCRemoteSwiftPackageReference section */

/* Begin XCSwiftPackageProductDependency section */
		7D4A544E239CBBEC0079A96A /* IQKeyboardManagerSwift */ = {
			isa = XCSwiftPackageProductDependency;
			package = 7D4A544D239CBBEC0079A96A /* XCRemoteSwiftPackageReference "IQKeyboardManager" */;
			productName = IQKeyboardManagerSwift;
		};
/* End XCSwiftPackageProductDependency section */

/* Begin XCVersionGroup section */
		7D4A53FB239C66ED0079A96A /* Petstagram.xcdatamodeld */ = {
			isa = XCVersionGroup;
			children = (
				7D4A53FC239C66ED0079A96A /* Petstagram.xcdatamodel */,
			);
			currentVersion = 7D4A53FC239C66ED0079A96A /* Petstagram.xcdatamodel */;
			path = Petstagram.xcdatamodeld;
			sourceTree = "<group>";
			versionGroupType = wrapper.xcdatamodel;
		};
/* End XCVersionGroup section */
	};
	rootObject = 7D4A53E7239C66ED0079A96A /* Project object */;
}
